
Microsoft Visual Studio Solution File, Format Version 12.00
# Visual Studio 15
VisualStudioVersion = 15.0.28010.2041
MinimumVisualStudioVersion = 10.0.40219.1
Project("{FAE04EC0-301F-11D3-BF4B-00C04F79EFBC}") = "QLCDT", "ThanhThanh\QLCDT.csproj", "{8809AF43-33E0-40B7-8D2A-1565B8DE7980}"
EndProject
Project("{FAE04EC0-301F-11D3-BF4B-00C04F79EFBC}") = "QLCuocDT", "..\WED\QLCDT\QLCuocDT\QLCuocDT.csproj", "{53A50F51-0CFD-4734-A10C-6233F0EC4DCB}"
EndProject
Global
	GlobalSection(SolutionConfigurationPlatforms) = preSolution
		Debug|Any CPU = Debug|Any CPU
		Release|Any CPU = Release|Any CPU
	EndGlobalSection
	GlobalSection(ProjectConfigurationPlatforms) = postSolution
		{8809AF43-33E0-40B7-8D2A-1565B8DE7980}.Debug|Any CPU.ActiveCfg = Debug|Any CPU
		{8809AF43-33E0-40B7-8D2A-1565B8DE7980}.Debug|Any CPU.Build.0 = Debug|Any CPU
		{8809AF43-33E0-40B7-8D2A-1565B8DE7980}.Release|Any CPU.ActiveCfg = Release|Any CPU
		{8809AF43-33E0-40B7-8D2A-1565B8DE7980}.Release|Any CPU.Build.0 = Release|Any CPU
		{53A50F51-0CFD-4734-A10C-6233F0EC4DCB}.Debug|Any CPU.ActiveCfg = Debug|Any CPU
		{53A50F51-0CFD-4734-A10C-6233F0EC4DCB}.Debug|Any CPU.Build.0 = Debug|Any CPU
		{53A50F51-0CFD-4734-A10C-6233F0EC4DCB}.Release|Any CPU.ActiveCfg = Release|Any CPU
		{53A50F51-0CFD-4734-A10C-6233F0EC4DCB}.Release|Any CPU.Build.0 = Release|Any CPU
	EndGlobalSection
	GlobalSection(SolutionProperties) = preSolution
		HideSolutionNode = FALSE
	EndGlobalSection
	GlobalSection(ExtensibilityGlobals) = postSolution
		SolutionGuid = {281BC7F8-A39A-4A36-8562-E0BEC76B255F}
	EndGlobalSection
EndGlobal
